// !$*UTF8*$!
{
	archiveVersion = 1;
	classes = {
	};
	objectVersion = 46;
	objects = {

/* Begin PBXBuildFile section */
		8DEA28A41C3D9BE8006C89C7 /* AppDelegate.swift in Sources */ = {isa = PBXBuildFile; fileRef = 8DEA28A31C3D9BE8006C89C7 /* AppDelegate.swift */; };
		8DEA28A91C3D9BE8006C89C7 /* Main.storyboard in Resources */ = {isa = PBXBuildFile; fileRef = 8DEA28A71C3D9BE8006C89C7 /* Main.storyboard */; };
		8DEA28AB1C3D9BE8006C89C7 /* Assets.xcassets in Resources */ = {isa = PBXBuildFile; fileRef = 8DEA28AA1C3D9BE8006C89C7 /* Assets.xcassets */; };
		8DEA28AE1C3D9BE8006C89C7 /* LaunchScreen.storyboard in Resources */ = {isa = PBXBuildFile; fileRef = 8DEA28AC1C3D9BE8006C89C7 /* LaunchScreen.storyboard */; };
		8DEA28B91C3D9BE8006C89C7 /* MyTripsTests.swift in Sources */ = {isa = PBXBuildFile; fileRef = 8DEA28B81C3D9BE8006C89C7 /* MyTripsTests.swift */; };
		8DEA28C41C3D9BE8006C89C7 /* MyTripsUITests.swift in Sources */ = {isa = PBXBuildFile; fileRef = 8DEA28C31C3D9BE8006C89C7 /* MyTripsUITests.swift */; };
		8DEA28D61C3D9D24006C89C7 /* MyTripsCollectionViewController.swift in Sources */ = {isa = PBXBuildFile; fileRef = 8DEA28D51C3D9D24006C89C7 /* MyTripsCollectionViewController.swift */; };
		8DEA28D81C3DA04F006C89C7 /* TripCollectionViewCell.swift in Sources */ = {isa = PBXBuildFile; fileRef = 8DEA28D71C3DA04F006C89C7 /* TripCollectionViewCell.swift */; };
		8DEA28DA1C3DC9FA006C89C7 /* Trip.swift in Sources */ = {isa = PBXBuildFile; fileRef = 8DEA28D91C3DC9FA006C89C7 /* Trip.swift */; };
		8DEA28DC1C3DD637006C89C7 /* MyTripsBrain.swift in Sources */ = {isa = PBXBuildFile; fileRef = 8DEA28DB1C3DD637006C89C7 /* MyTripsBrain.swift */; };
		8DEA28DE1C3E1246006C89C7 /* Year.swift in Sources */ = {isa = PBXBuildFile; fileRef = 8DEA28DD1C3E1246006C89C7 /* Year.swift */; };
		8DEA28E01C3E24D0006C89C7 /* YearHeaderView.swift in Sources */ = {isa = PBXBuildFile; fileRef = 8DEA28DF1C3E24D0006C89C7 /* YearHeaderView.swift */; };
		8DEA28E21C3ED1C7006C89C7 /* TripDetailViewController.swift in Sources */ = {isa = PBXBuildFile; fileRef = 8DEA28E11C3ED1C7006C89C7 /* TripDetailViewController.swift */; };
/* End PBXBuildFile section */

/* Begin PBXContainerItemProxy section */
		8DEA28B51C3D9BE8006C89C7 /* PBXContainerItemProxy */ = {
			isa = PBXContainerItemProxy;
			containerPortal = 8DEA28981C3D9BE8006C89C7 /* Project object */;
			proxyType = 1;
			remoteGlobalIDString = 8DEA289F1C3D9BE8006C89C7;
			remoteInfo = MyTrips;
		};
		8DEA28C01C3D9BE8006C89C7 /* PBXContainerItemProxy */ = {
			isa = PBXContainerItemProxy;
			containerPortal = 8DEA28981C3D9BE8006C89C7 /* Project object */;
			proxyType = 1;
			remoteGlobalIDString = 8DEA289F1C3D9BE8006C89C7;
			remoteInfo = MyTrips;
		};
/* End PBXContainerItemProxy section */

/* Begin PBXFileReference section */
		8DEA28A01C3D9BE8006C89C7 /* MyTrips.app */ = {isa = PBXFileReference; explicitFileType = wrapper.application; includeInIndex = 0; path = MyTrips.app; sourceTree = BUILT_PRODUCTS_DIR; };
		8DEA28A31C3D9BE8006C89C7 /* AppDelegate.swift */ = {isa = PBXFileReference; lastKnownFileType = sourcecode.swift; path = AppDelegate.swift; sourceTree = "<group>"; };
		8DEA28A81C3D9BE8006C89C7 /* Base */ = {isa = PBXFileReference; lastKnownFileType = file.storyboard; name = Base; path = Base.lproj/Main.storyboard; sourceTree = "<group>"; };
		8DEA28AA1C3D9BE8006C89C7 /* Assets.xcassets */ = {isa = PBXFileReference; lastKnownFileType = folder.assetcatalog; path = Assets.xcassets; sourceTree = "<group>"; };
		8DEA28AD1C3D9BE8006C89C7 /* Base */ = {isa = PBXFileReference; lastKnownFileType = file.storyboard; name = Base; path = Base.lproj/LaunchScreen.storyboard; sourceTree = "<group>"; };
		8DEA28AF1C3D9BE8006C89C7 /* Info.plist */ = {isa = PBXFileReference; lastKnownFileType = text.plist.xml; path = Info.plist; sourceTree = "<group>"; };
		8DEA28B41C3D9BE8006C89C7 /* MyTripsTests.xctest */ = {isa = PBXFileReference; explicitFileType = wrapper.cfbundle; includeInIndex = 0; path = MyTripsTests.xctest; sourceTree = BUILT_PRODUCTS_DIR; };
		8DEA28B81C3D9BE8006C89C7 /* MyTripsTests.swift */ = {isa = PBXFileReference; lastKnownFileType = sourcecode.swift; path = MyTripsTests.swift; sourceTree = "<group>"; };
		8DEA28BA1C3D9BE8006C89C7 /* Info.plist */ = {isa = PBXFileReference; lastKnownFileType = text.plist.xml; path = Info.plist; sourceTree = "<group>"; };
		8DEA28BF1C3D9BE8006C89C7 /* MyTripsUITests.xctest */ = {isa = PBXFileReference; explicitFileType = wrapper.cfbundle; includeInIndex = 0; path = MyTripsUITests.xctest; sourceTree = BUILT_PRODUCTS_DIR; };
		8DEA28C31C3D9BE8006C89C7 /* MyTripsUITests.swift */ = {isa = PBXFileReference; lastKnownFileType = sourcecode.swift; path = MyTripsUITests.swift; sourceTree = "<group>"; };
		8DEA28C51C3D9BE8006C89C7 /* Info.plist */ = {isa = PBXFileReference; lastKnownFileType = text.plist.xml; path = Info.plist; sourceTree = "<group>"; };
		8DEA28D51C3D9D24006C89C7 /* MyTripsCollectionViewController.swift */ = {isa = PBXFileReference; fileEncoding = 4; lastKnownFileType = sourcecode.swift; path = MyTripsCollectionViewController.swift; sourceTree = "<group>"; };
		8DEA28D71C3DA04F006C89C7 /* TripCollectionViewCell.swift */ = {isa = PBXFileReference; fileEncoding = 4; lastKnownFileType = sourcecode.swift; path = TripCollectionViewCell.swift; sourceTree = "<group>"; };
		8DEA28D91C3DC9FA006C89C7 /* Trip.swift */ = {isa = PBXFileReference; fileEncoding = 4; lastKnownFileType = sourcecode.swift; path = Trip.swift; sourceTree = "<group>"; };
		8DEA28DB1C3DD637006C89C7 /* MyTripsBrain.swift */ = {isa = PBXFileReference; fileEncoding = 4; lastKnownFileType = sourcecode.swift; path = MyTripsBrain.swift; sourceTree = "<group>"; };
		8DEA28DD1C3E1246006C89C7 /* Year.swift */ = {isa = PBXFileReference; fileEncoding = 4; lastKnownFileType = sourcecode.swift; path = Year.swift; sourceTree = "<group>"; };
		8DEA28DF1C3E24D0006C89C7 /* YearHeaderView.swift */ = {isa = PBXFileReference; fileEncoding = 4; lastKnownFileType = sourcecode.swift; path = YearHeaderView.swift; sourceTree = "<group>"; };
		8DEA28E11C3ED1C7006C89C7 /* TripDetailViewController.swift */ = {isa = PBXFileReference; fileEncoding = 4; lastKnownFileType = sourcecode.swift; path = TripDetailViewController.swift; sourceTree = "<group>"; };
/* End PBXFileReference section */

/* Begin PBXFrameworksBuildPhase section */
		8DEA289D1C3D9BE8006C89C7 /* Frameworks */ = {
			isa = PBXFrameworksBuildPhase;
			buildActionMask = 2147483647;
			files = (
			);
			runOnlyForDeploymentPostprocessing = 0;
		};
		8DEA28B11C3D9BE8006C89C7 /* Frameworks */ = {
			isa = PBXFrameworksBuildPhase;
			buildActionMask = 2147483647;
			files = (
			);
			runOnlyForDeploymentPostprocessing = 0;
		};
		8DEA28BC1C3D9BE8006C89C7 /* Frameworks */ = {
			isa = PBXFrameworksBuildPhase;
			buildActionMask = 2147483647;
			files = (
			);
			runOnlyForDeploymentPostprocessing = 0;
		};
/* End PBXFrameworksBuildPhase section */

/* Begin PBXGroup section */
		8DEA28971C3D9BE8006C89C7 = {
			isa = PBXGroup;
			children = (
				8DEA28A21C3D9BE8006C89C7 /* MyTrips */,
				8DEA28B71C3D9BE8006C89C7 /* MyTripsTests */,
				8DEA28C21C3D9BE8006C89C7 /* MyTripsUITests */,
				8DEA28A11C3D9BE8006C89C7 /* Products */,
			);
			sourceTree = "<group>";
		};
		8DEA28A11C3D9BE8006C89C7 /* Products */ = {
			isa = PBXGroup;
			children = (
				8DEA28A01C3D9BE8006C89C7 /* MyTrips.app */,
				8DEA28B41C3D9BE8006C89C7 /* MyTripsTests.xctest */,
				8DEA28BF1C3D9BE8006C89C7 /* MyTripsUITests.xctest */,
			);
			name = Products;
			sourceTree = "<group>";
		};
		8DEA28A21C3D9BE8006C89C7 /* MyTrips */ = {
			isa = PBXGroup;
			children = (
				8DEA28A71C3D9BE8006C89C7 /* Main.storyboard */,
				8DEA28D31C3D9C65006C89C7 /* ViewCells */,
				8DEA28D21C3D9C52006C89C7 /* ViewControllers */,
				8DEA28D11C3D9C48006C89C7 /* Models */,
				8DEA28D41C3D9C75006C89C7 /* Supporting Files */,
			);
			path = MyTrips;
			sourceTree = "<group>";
		};
		8DEA28B71C3D9BE8006C89C7 /* MyTripsTests */ = {
			isa = PBXGroup;
			children = (
				8DEA28B81C3D9BE8006C89C7 /* MyTripsTests.swift */,
				8DEA28BA1C3D9BE8006C89C7 /* Info.plist */,
			);
			path = MyTripsTests;
			sourceTree = "<group>";
		};
		8DEA28C21C3D9BE8006C89C7 /* MyTripsUITests */ = {
			isa = PBXGroup;
			children = (
				8DEA28C31C3D9BE8006C89C7 /* MyTripsUITests.swift */,
				8DEA28C51C3D9BE8006C89C7 /* Info.plist */,
			);
			path = MyTripsUITests;
			sourceTree = "<group>";
		};
		8DEA28D11C3D9C48006C89C7 /* Models */ = {
			isa = PBXGroup;
			children = (
				8DEA28DD1C3E1246006C89C7 /* Year.swift */,
				8DEA28D91C3DC9FA006C89C7 /* Trip.swift */,
				8DEA28DB1C3DD637006C89C7 /* MyTripsBrain.swift */,
			);
			name = Models;
			sourceTree = "<group>";
		};
		8DEA28D21C3D9C52006C89C7 /* ViewControllers */ = {
			isa = PBXGroup;
			children = (
				8DEA28E11C3ED1C7006C89C7 /* TripDetailViewController.swift */,
				8DEA28D51C3D9D24006C89C7 /* MyTripsCollectionViewController.swift */,
			);
			name = ViewControllers;
			sourceTree = "<group>";
		};
		8DEA28D31C3D9C65006C89C7 /* ViewCells */ = {
			isa = PBXGroup;
			children = (
				8DEA28DF1C3E24D0006C89C7 /* YearHeaderView.swift */,
				8DEA28D71C3DA04F006C89C7 /* TripCollectionViewCell.swift */,
			);
			name = ViewCells;
			sourceTree = "<group>";
		};
		8DEA28D41C3D9C75006C89C7 /* Supporting Files */ = {
			isa = PBXGroup;
			children = (
				8DEA28AA1C3D9BE8006C89C7 /* Assets.xcassets */,
				8DEA28AC1C3D9BE8006C89C7 /* LaunchScreen.storyboard */,
				8DEA28AF1C3D9BE8006C89C7 /* Info.plist */,
				8DEA28A31C3D9BE8006C89C7 /* AppDelegate.swift */,
			);
			name = "Supporting Files";
			sourceTree = "<group>";
		};
/* End PBXGroup section */

/* Begin PBXNativeTarget section */
		8DEA289F1C3D9BE8006C89C7 /* MyTrips */ = {
			isa = PBXNativeTarget;
			buildConfigurationList = 8DEA28C81C3D9BE8006C89C7 /* Build configuration list for PBXNativeTarget "MyTrips" */;
			buildPhases = (
				8DEA289C1C3D9BE8006C89C7 /* Sources */,
				8DEA289D1C3D9BE8006C89C7 /* Frameworks */,
				8DEA289E1C3D9BE8006C89C7 /* Resources */,
			);
			buildRules = (
			);
			dependencies = (
			);
			name = MyTrips;
			productName = MyTrips;
			productReference = 8DEA28A01C3D9BE8006C89C7 /* MyTrips.app */;
			productType = "com.apple.product-type.application";
		};
		8DEA28B31C3D9BE8006C89C7 /* MyTripsTests */ = {
			isa = PBXNativeTarget;
			buildConfigurationList = 8DEA28CB1C3D9BE8006C89C7 /* Build configuration list for PBXNativeTarget "MyTripsTests" */;
			buildPhases = (
				8DEA28B01C3D9BE8006C89C7 /* Sources */,
				8DEA28B11C3D9BE8006C89C7 /* Frameworks */,
				8DEA28B21C3D9BE8006C89C7 /* Resources */,
			);
			buildRules = (
			);
			dependencies = (
				8DEA28B61C3D9BE8006C89C7 /* PBXTargetDependency */,
			);
			name = MyTripsTests;
			productName = MyTripsTests;
			productReference = 8DEA28B41C3D9BE8006C89C7 /* MyTripsTests.xctest */;
			productType = "com.apple.product-type.bundle.unit-test";
		};
		8DEA28BE1C3D9BE8006C89C7 /* MyTripsUITests */ = {
			isa = PBXNativeTarget;
			buildConfigurationList = 8DEA28CE1C3D9BE8006C89C7 /* Build configuration list for PBXNativeTarget "MyTripsUITests" */;
			buildPhases = (
				8DEA28BB1C3D9BE8006C89C7 /* Sources */,
				8DEA28BC1C3D9BE8006C89C7 /* Frameworks */,
				8DEA28BD1C3D9BE8006C89C7 /* Resources */,
			);
			buildRules = (
			);
			dependencies = (
				8DEA28C11C3D9BE8006C89C7 /* PBXTargetDependency */,
			);
			name = MyTripsUITests;
			productName = MyTripsUITests;
			productReference = 8DEA28BF1C3D9BE8006C89C7 /* MyTripsUITests.xctest */;
			productType = "com.apple.product-type.bundle.ui-testing";
		};
/* End PBXNativeTarget section */

/* Begin PBXProject section */
		8DEA28981C3D9BE8006C89C7 /* Project object */ = {
			isa = PBXProject;
			attributes = {
				LastSwiftUpdateCheck = 0720;
				LastUpgradeCheck = 0720;
				ORGANIZATIONNAME = "Jackie Chang";
				TargetAttributes = {
					8DEA289F1C3D9BE8006C89C7 = {
						CreatedOnToolsVersion = 7.2;
					};
					8DEA28B31C3D9BE8006C89C7 = {
						CreatedOnToolsVersion = 7.2;
						TestTargetID = 8DEA289F1C3D9BE8006C89C7;
					};
					8DEA28BE1C3D9BE8006C89C7 = {
						CreatedOnToolsVersion = 7.2;
						TestTargetID = 8DEA289F1C3D9BE8006C89C7;
					};
				};
			};
			buildConfigurationList = 8DEA289B1C3D9BE8006C89C7 /* Build configuration list for PBXProject "MyTrips" */;
			compatibilityVersion = "Xcode 3.2";
			developmentRegion = English;
			hasScannedForEncodings = 0;
			knownRegions = (
				en,
				Base,
			);
			mainGroup = 8DEA28971C3D9BE8006C89C7;
			productRefGroup = 8DEA28A11C3D9BE8006C89C7 /* Products */;
			projectDirPath = "";
			projectRoot = "";
			targets = (
				8DEA289F1C3D9BE8006C89C7 /* MyTrips */,
				8DEA28B31C3D9BE8006C89C7 /* MyTripsTests */,
				8DEA28BE1C3D9BE8006C89C7 /* MyTripsUITests */,
			);
		};
/* End PBXProject section */

/* Begin PBXResourcesBuildPhase section */
		8DEA289E1C3D9BE8006C89C7 /* Resources */ = {
			isa = PBXResourcesBuildPhase;
			buildActionMask = 2147483647;
			files = (
				8DEA28AE1C3D9BE8006C89C7 /* LaunchScreen.storyboard in Resources */,
				8DEA28AB1C3D9BE8006C89C7 /* Assets.xcassets in Resources */,
				8DEA28A91C3D9BE8006C89C7 /* Main.storyboard in Resources */,
			);
			runOnlyForDeploymentPostprocessing = 0;
		};
		8DEA28B21C3D9BE8006C89C7 /* Resources */ = {
			isa = PBXResourcesBuildPhase;
			buildActionMask = 2147483647;
			files = (
			);
			runOnlyForDeploymentPostprocessing = 0;
		};
		8DEA28BD1C3D9BE8006C89C7 /* Resources */ = {
			isa = PBXResourcesBuildPhase;
			buildActionMask = 2147483647;
			files = (
			);
			runOnlyForDeploymentPostprocessing = 0;
		};
/* End PBXResourcesBuildPhase section */

/* Begin PBXSourcesBuildPhase section */
		8DEA289C1C3D9BE8006C89C7 /* Sources */ = {
			isa = PBXSourcesBuildPhase;
			buildActionMask = 2147483647;
			files = (
				8DEA28DA1C3DC9FA006C89C7 /* Trip.swift in Sources */,
				8DEA28A41C3D9BE8006C89C7 /* AppDelegate.swift in Sources */,
				8DEA28E21C3ED1C7006C89C7 /* TripDetailViewController.swift in Sources */,
				8DEA28D61C3D9D24006C89C7 /* MyTripsCollectionViewController.swift in Sources */,
				8DEA28DC1C3DD637006C89C7 /* MyTripsBrain.swift in Sources */,
				8DEA28DE1C3E1246006C89C7 /* Year.swift in Sources */,
				8DEA28E01C3E24D0006C89C7 /* YearHeaderView.swift in Sources */,
				8DEA28D81C3DA04F006C89C7 /* TripCollectionViewCell.swift in Sources */,
			);
			runOnlyForDeploymentPostprocessing = 0;
		};
		8DEA28B01C3D9BE8006C89C7 /* Sources */ = {
			isa = PBXSourcesBuildPhase;
			buildActionMask = 2147483647;
			files = (
				8DEA28B91C3D9BE8006C89C7 /* MyTripsTests.swift in Sources */,
			);
			runOnlyForDeploymentPostprocessing = 0;
		};
		8DEA28BB1C3D9BE8006C89C7 /* Sources */ = {
			isa = PBXSourcesBuildPhase;
			buildActionMask = 2147483647;
			files = (
				8DEA28C41C3D9BE8006C89C7 /* MyTripsUITests.swift in Sources */,
			);
			runOnlyForDeploymentPostprocessing = 0;
		};
/* End PBXSourcesBuildPhase section */

/* Begin PBXTargetDependency section */
		8DEA28B61C3D9BE8006C89C7 /* PBXTargetDependency */ = {
			isa = PBXTargetDependency;
			target = 8DEA289F1C3D9BE8006C89C7 /* MyTrips */;
			targetProxy = 8DEA28B51C3D9BE8006C89C7 /* PBXContainerItemProxy */;
		};
		8DEA28C11C3D9BE8006C89C7 /* PBXTargetDependency */ = {
			isa = PBXTargetDependency;
			target = 8DEA289F1C3D9BE8006C89C7 /* MyTrips */;
			targetProxy = 8DEA28C01C3D9BE8006C89C7 /* PBXContainerItemProxy */;
		};
/* End PBXTargetDependency section */

/* Begin PBXVariantGroup section */
		8DEA28A71C3D9BE8006C89C7 /* Main.storyboard */ = {
			isa = PBXVariantGroup;
			children = (
				8DEA28A81C3D9BE8006C89C7 /* Base */,
			);
			name = Main.storyboard;
			sourceTree = "<group>";
		};
		8DEA28AC1C3D9BE8006C89C7 /* LaunchScreen.storyboard */ = {
			isa = PBXVariantGroup;
			children = (
				8DEA28AD1C3D9BE8006C89C7 /* Base */,
			);
			name = LaunchScreen.storyboard;
			sourceTree = "<group>";
		};
/* End PBXVariantGroup section */

/* Begin XCBuildConfiguration section */
		8DEA28C61C3D9BE8006C89C7 /* Debug */ = {
			isa = XCBuildConfiguration;
			buildSettings = {
				ALWAYS_SEARCH_USER_PATHS = NO;
				CLANG_CXX_LANGUAGE_STANDARD = "gnu++0x";
				CLANG_CXX_LIBRARY = "libc++";
				CLANG_ENABLE_MODULES = YES;
				CLANG_ENABLE_OBJC_ARC = YES;
				CLANG_WARN_BOOL_CONVERSION = YES;
				CLANG_WARN_CONSTANT_CONVERSION = YES;
				CLANG_WARN_DIRECT_OBJC_ISA_USAGE = YES_ERROR;
				CLANG_WARN_EMPTY_BODY = YES;
				CLANG_WARN_ENUM_CONVERSION = YES;
				CLANG_WARN_INT_CONVERSION = YES;
				CLANG_WARN_OBJC_ROOT_CLASS = YES_ERROR;
				CLANG_WARN_UNREACHABLE_CODE = YES;
				CLANG_WARN__DUPLICATE_METHOD_MATCH = YES;
				"CODE_SIGN_IDENTITY[sdk=iphoneos*]" = "iPhone Developer";
				COPY_PHASE_STRIP = NO;
				DEBUG_INFORMATION_FORMAT = dwarf;
				ENABLE_STRICT_OBJC_MSGSEND = YES;
				ENABLE_TESTABILITY = YES;
				GCC_C_LANGUAGE_STANDARD = gnu99;
				GCC_DYNAMIC_NO_PIC = NO;
				GCC_NO_COMMON_BLOCKS = YES;
				GCC_OPTIMIZATION_LEVEL = 0;
				GCC_PREPROCESSOR_DEFINITIONS = (
					"DEBUG=1",
					"$(inherited)",
				);
				GCC_WARN_64_TO_32_BIT_CONVERSION = YES;
				GCC_WARN_ABOUT_RETURN_TYPE = YES_ERROR;
				GCC_WARN_UNDECLARED_SELECTOR = YES;
				GCC_WARN_UNINITIALIZED_AUTOS = YES_AGGRESSIVE;
				GCC_WARN_UNUSED_FUNCTION = YES;
				GCC_WARN_UNUSED_VARIABLE = YES;
				IPHONEOS_DEPLOYMENT_TARGET = 9.2;
				MTL_ENABLE_DEBUG_INFO = YES;
				ONLY_ACTIVE_ARCH = YES;
				SDKROOT = iphoneos;
				SWIFT_OPTIMIZATION_LEVEL = "-Onone";
				TARGETED_DEVICE_FAMILY = "1,2";
			};
			name = Debug;
		};
		8DEA28C71C3D9BE8006C89C7 /* Release */ = {
			isa = XCBuildConfiguration;
			buildSettings = {
				ALWAYS_SEARCH_USER_PATHS = NO;
				CLANG_CXX_LANGUAGE_STANDARD = "gnu++0x";
				CLANG_CXX_LIBRARY = "libc++";
				CLANG_ENABLE_MODULES = YES;
				CLANG_ENABLE_OBJC_ARC = YES;
				CLANG_WARN_BOOL_CONVERSION = YES;
				CLANG_WARN_CONSTANT_CONVERSION = YES;
				CLANG_WARN_DIRECT_OBJC_ISA_USAGE = YES_ERROR;
				CLANG_WARN_EMPTY_BODY = YES;
				CLANG_WARN_ENUM_CONVERSION = YES;
				CLANG_WARN_INT_CONVERSION = YES;
				CLANG_WARN_OBJC_ROOT_CLASS = YES_ERROR;
				CLANG_WARN_UNREACHABLE_CODE = YES;
				CLANG_WARN__DUPLICATE_METHOD_MATCH = YES;
				"CODE_SIGN_IDENTITY[sdk=iphoneos*]" = "iPhone Developer";
				COPY_PHASE_STRIP = NO;
				DEBUG_INFORMATION_FORMAT = "dwarf-with-dsym";
				ENABLE_NS_ASSERTIONS = NO;
				ENABLE_STRICT_OBJC_MSGSEND = YES;
				GCC_C_LANGUAGE_STANDARD = gnu99;
				GCC_NO_COMMON_BLOCKS = YES;
				GCC_WARN_64_TO_32_BIT_CONVERSION = YES;
				GCC_WARN_ABOUT_RETURN_TYPE = YES_ERROR;
				GCC_WARN_UNDECLARED_SELECTOR = YES;
				GCC_WARN_UNINITIALIZED_AUTOS = YES_AGGRESSIVE;
				GCC_WARN_UNUSED_FUNCTION = YES;
				GCC_WARN_UNUSED_VARIABLE = YES;
				IPHONEOS_DEPLOYMENT_TARGET = 9.2;
				MTL_ENABLE_DEBUG_INFO = NO;
				SDKROOT = iphoneos;
				TARGETED_DEVICE_FAMILY = "1,2";
				VALIDATE_PRODUCT = YES;
			};
			name = Release;
		};
		8DEA28C91C3D9BE8006C89C7 /* Debug */ = {
			isa = XCBuildConfiguration;
			buildSettings = {
				ASSETCATALOG_COMPILER_APPICON_NAME = AppIcon;
				INFOPLIST_FILE = MyTrips/Info.plist;
				LD_RUNPATH_SEARCH_PATHS = "$(inherited) @executable_path/Frameworks";
				PRODUCT_BUNDLE_IDENTIFIER = bdogtech.MyTrips;
				PRODUCT_NAME = "$(TARGET_NAME)";
			};
			name = Debug;
		};
		8DEA28CA1C3D9BE8006C89C7 /* Release */ = {
			isa = XCBuildConfiguration;
			buildSettings = {
				ASSETCATALOG_COMPILER_APPICON_NAME = AppIcon;
				INFOPLIST_FILE = MyTrips/Info.plist;
				LD_RUNPATH_SEARCH_PATHS = "$(inherited) @executable_path/Frameworks";
				PRODUCT_BUNDLE_IDENTIFIER = bdogtech.MyTrips;
				PRODUCT_NAME = "$(TARGET_NAME)";
			};
			name = Release;
		};
		8DEA28CC1C3D9BE8006C89C7 /* Debug */ = {
			isa = XCBuildConfiguration;
			buildSettings = {
				BUNDLE_LOADER = "$(TEST_HOST)";
				INFOPLIST_FILE = MyTripsTests/Info.plist;
				LD_RUNPATH_SEARCH_PATHS = "$(inherited) @executable_path/Frameworks @loader_path/Frameworks";
				PRODUCT_BUNDLE_IDENTIFIER = bdogtech.MyTripsTests;
				PRODUCT_NAME = "$(TARGET_NAME)";
				TEST_HOST = "$(BUILT_PRODUCTS_DIR)/MyTrips.app/MyTrips";
			};
			name = Debug;
		};
		8DEA28CD1C3D9BE8006C89C7 /* Release */ = {
			isa = XCBuildConfiguration;
			buildSettings = {
				BUNDLE_LOADER = "$(TEST_HOST)";
				INFOPLIST_FILE = MyTripsTests/Info.plist;
				LD_RUNPATH_SEARCH_PATHS = "$(inherited) @executable_path/Frameworks @loader_path/Frameworks";
				PRODUCT_BUNDLE_IDENTIFIER = bdogtech.MyTripsTests;
				PRODUCT_NAME = "$(TARGET_NAME)";
				TEST_HOST = "$(BUILT_PRODUCTS_DIR)/MyTrips.app/MyTrips";
			};
			name = Release;
		};
		8DEA28CF1C3D9BE8006C89C7 /* Debug */ = {
			isa = XCBuildConfiguration;
			buildSettings = {
				INFOPLIST_FILE = MyTripsUITests/Info.plist;
				LD_RUNPATH_SEARCH_PATHS = "$(inherited) @executable_path/Frameworks @loader_path/Frameworks";
				PRODUCT_BUNDLE_IDENTIFIER = bdogtech.MyTripsUITests;
				PRODUCT_NAME = "$(TARGET_NAME)";
				TEST_TARGET_NAME = MyTrips;
				USES_XCTRUNNER = YES;
			};
			name = Debug;
		};
		8DEA28D01C3D9BE8006C89C7 /* Release */ = {
			isa = XCBuildConfiguration;
			buildSettings = {
				INFOPLIST_FILE = MyTripsUITests/Info.plist;
				LD_RUNPATH_SEARCH_PATHS = "$(inherited) @executable_path/Frameworks @loader_path/Frameworks";
				PRODUCT_BUNDLE_IDENTIFIER = bdogtech.MyTripsUITests;
				PRODUCT_NAME = "$(TARGET_NAME)";
				TEST_TARGET_NAME = MyTrips;
				USES_XCTRUNNER = YES;
			};
			name = Release;
		};
/* End XCBuildConfiguration section */

/* Begin XCConfigurationList section */
		8DEA289B1C3D9BE8006C89C7 /* Build configuration list for PBXProject "MyTrips" */ = {
			isa = XCConfigurationList;
			buildConfigurations = (
				8DEA28C61C3D9BE8006C89C7 /* Debug */,
				8DEA28C71C3D9BE8006C89C7 /* Release */,
			);
			defaultConfigurationIsVisible = 0;
			defaultConfigurationName = Release;
		};
		8DEA28C81C3D9BE8006C89C7 /* Build configuration list for PBXNativeTarget "MyTrips" */ = {
			isa = XCConfigurationList;
			buildConfigurations = (
				8DEA28C91C3D9BE8006C89C7 /* Debug */,
				8DEA28CA1C3D9BE8006C89C7 /* Release */,
			);
			defaultConfigurationIsVisible = 0;
		};
		8DEA28CB1C3D9BE8006C89C7 /* Build configuration list for PBXNativeTarget "MyTripsTests" */ = {
			isa = XCConfigurationList;
			buildConfigurations = (
				8DEA28CC1C3D9BE8006C89C7 /* Debug */,
				8DEA28CD1C3D9BE8006C89C7 /* Release */,
			);
			defaultConfigurationIsVisible = 0;
		};
		8DEA28CE1C3D9BE8006C89C7 /* Build configuration list for PBXNativeTarget "MyTripsUITests" */ = {
			isa = XCConfigurationList;
			buildConfigurations = (
				8DEA28CF1C3D9BE8006C89C7 /* Debug */,
				8DEA28D01C3D9BE8006C89C7 /* Release */,
			);
			defaultConfigurationIsVisible = 0;
		};
/* End XCConfigurationList section */
	};
	rootObject = 8DEA28981C3D9BE8006C89C7 /* Project object */;
}
